// !$*UTF8*$!
{
	archiveVersion = 1;
	classes = {
	};
	objectVersion = 50;
	objects = {

/* Begin PBXBuildFile section */
		28B017B7254568A8002AEEAD /* UserFinderApp.swift in Sources */ = {isa = PBXBuildFile; fileRef = 28B017B6254568A8002AEEAD /* UserFinderApp.swift */; };
		28B017B9254568A8002AEEAD /* ContentView.swift in Sources */ = {isa = PBXBuildFile; fileRef = 28B017B8254568A8002AEEAD /* ContentView.swift */; };
		28B017BB254568AB002AEEAD /* Assets.xcassets in Resources */ = {isa = PBXBuildFile; fileRef = 28B017BA254568AB002AEEAD /* Assets.xcassets */; };
		28B017BE254568AB002AEEAD /* Preview Assets.xcassets in Resources */ = {isa = PBXBuildFile; fileRef = 28B017BD254568AB002AEEAD /* Preview Assets.xcassets */; };
		28FC031425458E95006D60B1 /* User.swift in Sources */ = {isa = PBXBuildFile; fileRef = 28FC031325458E95006D60B1 /* User.swift */; };
		28FC031725458ECA006D60B1 /* Response.swift in Sources */ = {isa = PBXBuildFile; fileRef = 28FC031625458ECA006D60B1 /* Response.swift */; };
		28FC031B25458EFC006D60B1 /* StrategyError.swift in Sources */ = {isa = PBXBuildFile; fileRef = 28FC031A25458EFC006D60B1 /* StrategyError.swift */; };
		28FC031E25458F16006D60B1 /* UserSearchStrategy.swift in Sources */ = {isa = PBXBuildFile; fileRef = 28FC031D25458F16006D60B1 /* UserSearchStrategy.swift */; };
		28FC032125458F29006D60B1 /* GitUserStrategy.swift in Sources */ = {isa = PBXBuildFile; fileRef = 28FC032025458F29006D60B1 /* GitUserStrategy.swift */; };
		28FC032425458F55006D60B1 /* StackoverflowStrategy.swift in Sources */ = {isa = PBXBuildFile; fileRef = 28FC032325458F55006D60B1 /* StackoverflowStrategy.swift */; };
		28FC032825458F93006D60B1 /* ContentViewModel.swift in Sources */ = {isa = PBXBuildFile; fileRef = 28FC032725458F93006D60B1 /* ContentViewModel.swift */; };
/* End PBXBuildFile section */

/* Begin PBXFileReference section */
		28B017B3254568A8002AEEAD /* UserFinder.app */ = {isa = PBXFileReference; explicitFileType = wrapper.application; includeInIndex = 0; path = UserFinder.app; sourceTree = BUILT_PRODUCTS_DIR; };
		28B017B6254568A8002AEEAD /* UserFinderApp.swift */ = {isa = PBXFileReference; lastKnownFileType = sourcecode.swift; path = UserFinderApp.swift; sourceTree = "<group>"; };
		28B017B8254568A8002AEEAD /* ContentView.swift */ = {isa = PBXFileReference; lastKnownFileType = sourcecode.swift; path = ContentView.swift; sourceTree = "<group>"; };
		28B017BA254568AB002AEEAD /* Assets.xcassets */ = {isa = PBXFileReference; lastKnownFileType = folder.assetcatalog; path = Assets.xcassets; sourceTree = "<group>"; };
		28B017BD254568AB002AEEAD /* Preview Assets.xcassets */ = {isa = PBXFileReference; lastKnownFileType = folder.assetcatalog; path = "Preview Assets.xcassets"; sourceTree = "<group>"; };
		28B017BF254568AB002AEEAD /* Info.plist */ = {isa = PBXFileReference; lastKnownFileType = text.plist.xml; path = Info.plist; sourceTree = "<group>"; };
		28FC031325458E95006D60B1 /* User.swift */ = {isa = PBXFileReference; lastKnownFileType = sourcecode.swift; path = User.swift; sourceTree = "<group>"; };
		28FC031625458ECA006D60B1 /* Response.swift */ = {isa = PBXFileReference; lastKnownFileType = sourcecode.swift; path = Response.swift; sourceTree = "<group>"; };
		28FC031A25458EFC006D60B1 /* StrategyError.swift */ = {isa = PBXFileReference; lastKnownFileType = sourcecode.swift; path = StrategyError.swift; sourceTree = "<group>"; };
		28FC031D25458F16006D60B1 /* UserSearchStrategy.swift */ = {isa = PBXFileReference; lastKnownFileType = sourcecode.swift; path = UserSearchStrategy.swift; sourceTree = "<group>"; };
		28FC032025458F29006D60B1 /* GitUserStrategy.swift */ = {isa = PBXFileReference; lastKnownFileType = sourcecode.swift; path = GitUserStrategy.swift; sourceTree = "<group>"; };
		28FC032325458F55006D60B1 /* StackoverflowStrategy.swift */ = {isa = PBXFileReference; lastKnownFileType = sourcecode.swift; path = StackoverflowStrategy.swift; sourceTree = "<group>"; };
		28FC032725458F93006D60B1 /* ContentViewModel.swift */ = {isa = PBXFileReference; lastKnownFileType = sourcecode.swift; path = ContentViewModel.swift; sourceTree = "<group>"; };
		28FC032B2545E704006D60B1 /* README.md */ = {isa = PBXFileReference; lastKnownFileType = net.daringfireball.markdown; path = README.md; sourceTree = "<group>"; };
/* End PBXFileReference section */

/* Begin PBXFrameworksBuildPhase section */
		28B017B0254568A8002AEEAD /* Frameworks */ = {
			isa = PBXFrameworksBuildPhase;
			buildActionMask = 2147483647;
			files = (
			);
			runOnlyForDeploymentPostprocessing = 0;
		};
/* End PBXFrameworksBuildPhase section */

/* Begin PBXGroup section */
		28B017AA254568A8002AEEAD = {
			isa = PBXGroup;
			children = (
				28FC032B2545E704006D60B1 /* README.md */,
				28B017B5254568A8002AEEAD /* UserFinder */,
				28B017B4254568A8002AEEAD /* Products */,
			);
			sourceTree = "<group>";
		};
		28B017B4254568A8002AEEAD /* Products */ = {
			isa = PBXGroup;
			children = (
				28B017B3254568A8002AEEAD /* UserFinder.app */,
			);
			name = Products;
			sourceTree = "<group>";
		};
		28B017B5254568A8002AEEAD /* UserFinder */ = {
			isa = PBXGroup;
			children = (
				28FC032625458F7B006D60B1 /* ViewModel */,
				28FC031925458EEB006D60B1 /* Strategy */,
				28FC031225458E8A006D60B1 /* Model */,
				28B017B6254568A8002AEEAD /* UserFinderApp.swift */,
				28B017B8254568A8002AEEAD /* ContentView.swift */,
				28B017BA254568AB002AEEAD /* Assets.xcassets */,
				28B017BF254568AB002AEEAD /* Info.plist */,
				28B017BC254568AB002AEEAD /* Preview Content */,
			);
			path = UserFinder;
			sourceTree = "<group>";
		};
		28B017BC254568AB002AEEAD /* Preview Content */ = {
			isa = PBXGroup;
			children = (
				28B017BD254568AB002AEEAD /* Preview Assets.xcassets */,
			);
			path = "Preview Content";
			sourceTree = "<group>";
		};
		28FC031225458E8A006D60B1 /* Model */ = {
			isa = PBXGroup;
			children = (
				28FC031325458E95006D60B1 /* User.swift */,
				28FC031625458ECA006D60B1 /* Response.swift */,
			);
			path = Model;
			sourceTree = "<group>";
		};
		28FC031925458EEB006D60B1 /* Strategy */ = {
			isa = PBXGroup;
			children = (
				28FC031A25458EFC006D60B1 /* StrategyError.swift */,
				28FC031D25458F16006D60B1 /* UserSearchStrategy.swift */,
				28FC032025458F29006D60B1 /* GitUserStrategy.swift */,
				28FC032325458F55006D60B1 /* StackoverflowStrategy.swift */,
			);
			path = Strategy;
			sourceTree = "<group>";
		};
		28FC032625458F7B006D60B1 /* ViewModel */ = {
			isa = PBXGroup;
			children = (
				28FC032725458F93006D60B1 /* ContentViewModel.swift */,
			);
			path = ViewModel;
			sourceTree = "<group>";
		};
/* End PBXGroup section */

/* Begin PBXNativeTarget section */
		28B017B2254568A8002AEEAD /* UserFinder */ = {
			isa = PBXNativeTarget;
			buildConfigurationList = 28B017C2254568AB002AEEAD /* Build configuration list for PBXNativeTarget "UserFinder" */;
			buildPhases = (
				28B017AF254568A8002AEEAD /* Sources */,
				28B017B0254568A8002AEEAD /* Frameworks */,
				28B017B1254568A8002AEEAD /* Resources */,
			);
			buildRules = (
			);
			dependencies = (
			);
			name = UserFinder;
			productName = UserFinder;
			productReference = 28B017B3254568A8002AEEAD /* UserFinder.app */;
			productType = "com.apple.product-type.application";
		};
/* End PBXNativeTarget section */

/* Begin PBXProject section */
		28B017AB254568A8002AEEAD /* Project object */ = {
			isa = PBXProject;
			attributes = {
				LastSwiftUpdateCheck = 1200;
				LastUpgradeCheck = 1200;
				TargetAttributes = {
					28B017B2254568A8002AEEAD = {
						CreatedOnToolsVersion = 12.0;
					};
				};
			};
			buildConfigurationList = 28B017AE254568A8002AEEAD /* Build configuration list for PBXProject "UserFinder" */;
			compatibilityVersion = "Xcode 9.3";
			developmentRegion = en;
			hasScannedForEncodings = 0;
			knownRegions = (
				en,
				Base,
			);
			mainGroup = 28B017AA254568A8002AEEAD;
			productRefGroup = 28B017B4254568A8002AEEAD /* Products */;
			projectDirPath = "";
			projectRoot = "";
			targets = (
				28B017B2254568A8002AEEAD /* UserFinder */,
			);
		};
/* End PBXProject section */

/* Begin PBXResourcesBuildPhase section */
		28B017B1254568A8002AEEAD /* Resources */ = {
			isa = PBXResourcesBuildPhase;
			buildActionMask = 2147483647;
			files = (
				28B017BE254568AB002AEEAD /* Preview Assets.xcassets in Resources */,
				28B017BB254568AB002AEEAD /* Assets.xcassets in Resources */,
			);
			runOnlyForDeploymentPostprocessing = 0;
		};
/* End PBXResourcesBuildPhase section */

/* Begin PBXSourcesBuildPhase section */
		28B017AF254568A8002AEEAD /* Sources */ = {
			isa = PBXSourcesBuildPhase;
			buildActionMask = 2147483647;
			files = (
				28FC031B25458EFC006D60B1 /* StrategyError.swift in Sources */,
				28FC032125458F29006D60B1 /* GitUserStrategy.swift in Sources */,
				28FC031725458ECA006D60B1 /* Response.swift in Sources */,
				28FC032425458F55006D60B1 /* StackoverflowStrategy.swift in Sources */,
				28B017B9254568A8002AEEAD /* ContentView.swift in Sources */,
				28FC032825458F93006D60B1 /* ContentViewModel.swift in Sources */,
				28B017B7254568A8002AEEAD /* UserFinderApp.swift in Sources */,
				28FC031425458E95006D60B1 /* User.swift in Sources */,
				28FC031E25458F16006D60B1 /* UserSearchStrategy.swift in Sources */,
			);
			runOnlyForDeploymentPostprocessing = 0;
		};
/* End PBXSourcesBuildPhase section */

/* Begin XCBuildConfiguration section */
		28B017C0254568AB002AEEAD /* Debug */ = {
			isa = XCBuildConfiguration;
			buildSettings = {
				ALWAYS_SEARCH_USER_PATHS = NO;
				CLANG_ANALYZER_NONNULL = YES;
				CLANG_ANALYZER_NUMBER_OBJECT_CONVERSION = YES_AGGRESSIVE;
				CLANG_CXX_LANGUAGE_STANDARD = "gnu++14";
				CLANG_CXX_LIBRARY = "libc++";
				CLANG_ENABLE_MODULES = YES;
				CLANG_ENABLE_OBJC_ARC = YES;
				CLANG_ENABLE_OBJC_WEAK = YES;
				CLANG_WARN_BLOCK_CAPTURE_AUTORELEASING = YES;
				CLANG_WARN_BOOL_CONVERSION = YES;
				CLANG_WARN_COMMA = YES;
				CLANG_WARN_CONSTANT_CONVERSION = YES;
				CLANG_WARN_DEPRECATED_OBJC_IMPLEMENTATIONS = YES;
				CLANG_WARN_DIRECT_OBJC_ISA_USAGE = YES_ERROR;
				CLANG_WARN_DOCUMENTATION_COMMENTS = YES;
				CLANG_WARN_EMPTY_BODY = YES;
				CLANG_WARN_ENUM_CONVERSION = YES;
				CLANG_WARN_INFINITE_RECURSION = YES;
				CLANG_WARN_INT_CONVERSION = YES;
				CLANG_WARN_NON_LITERAL_NULL_CONVERSION = YES;
				CLANG_WARN_OBJC_IMPLICIT_RETAIN_SELF = YES;
				CLANG_WARN_OBJC_LITERAL_CONVERSION = YES;
				CLANG_WARN_OBJC_ROOT_CLASS = YES_ERROR;
				CLANG_WARN_QUOTED_INCLUDE_IN_FRAMEWORK_HEADER = YES;
				CLANG_WARN_RANGE_LOOP_ANALYSIS = YES;
				CLANG_WARN_STRICT_PROTOTYPES = YES;
				CLANG_WARN_SUSPICIOUS_MOVE = YES;
				CLANG_WARN_UNGUARDED_AVAILABILITY = YES_AGGRESSIVE;
				CLANG_WARN_UNREACHABLE_CODE = YES;
				CLANG_WARN__DUPLICATE_METHOD_MATCH = YES;
				COPY_PHASE_STRIP = NO;
				DEBUG_INFORMATION_FORMAT = dwarf;
				ENABLE_STRICT_OBJC_MSGSEND = YES;
				ENABLE_TESTABILITY = YES;
				GCC_C_LANGUAGE_STANDARD = gnu11;
				GCC_DYNAMIC_NO_PIC = NO;
				GCC_NO_COMMON_BLOCKS = YES;
				GCC_OPTIMIZATION_LEVEL = 0;
				GCC_PREPROCESSOR_DEFINITIONS = (
					"DEBUG=1",
					"$(inherited)",
				);
				GCC_WARN_64_TO_32_BIT_CONVERSION = YES;
				GCC_WARN_ABOUT_RETURN_TYPE = YES_ERROR;
				GCC_WARN_UNDECLARED_SELECTOR = YES;
				GCC_WARN_UNINITIALIZED_AUTOS = YES_AGGRESSIVE;
				GCC_WARN_UNUSED_FUNCTION = YES;
				GCC_WARN_UNUSED_VARIABLE = YES;
				IPHONEOS_DEPLOYMENT_TARGET = 14.0;
				MTL_ENABLE_DEBUG_INFO = INCLUDE_SOURCE;
				MTL_FAST_MATH = YES;
				ONLY_ACTIVE_ARCH = YES;
				SDKROOT = iphoneos;
				SWIFT_ACTIVE_COMPILATION_CONDITIONS = DEBUG;
				SWIFT_OPTIMIZATION_LEVEL = "-Onone";
			};
			name = Debug;
		};
		28B017C1254568AB002AEEAD /* Release */ = {
			isa = XCBuildConfiguration;
			buildSettings = {
				ALWAYS_SEARCH_USER_PATHS = NO;
				CLANG_ANALYZER_NONNULL = YES;
				CLANG_ANALYZER_NUMBER_OBJECT_CONVERSION = YES_AGGRESSIVE;
				CLANG_CXX_LANGUAGE_STANDARD = "gnu++14";
				CLANG_CXX_LIBRARY = "libc++";
				CLANG_ENABLE_MODULES = YES;
				CLANG_ENABLE_OBJC_ARC = YES;
				CLANG_ENABLE_OBJC_WEAK = YES;
				CLANG_WARN_BLOCK_CAPTURE_AUTORELEASING = YES;
				CLANG_WARN_BOOL_CONVERSION = YES;
				CLANG_WARN_COMMA = YES;
				CLANG_WARN_CONSTANT_CONVERSION = YES;
				CLANG_WARN_DEPRECATED_OBJC_IMPLEMENTATIONS = YES;
				CLANG_WARN_DIRECT_OBJC_ISA_USAGE = YES_ERROR;
				CLANG_WARN_DOCUMENTATION_COMMENTS = YES;
				CLANG_WARN_EMPTY_BODY = YES;
				CLANG_WARN_ENUM_CONVERSION = YES;
				CLANG_WARN_INFINITE_RECURSION = YES;
				CLANG_WARN_INT_CONVERSION = YES;
				CLANG_WARN_NON_LITERAL_NULL_CONVERSION = YES;
				CLANG_WARN_OBJC_IMPLICIT_RETAIN_SELF = YES;
				CLANG_WARN_OBJC_LITERAL_CONVERSION = YES;
				CLANG_WARN_OBJC_ROOT_CLASS = YES_ERROR;
				CLANG_WARN_QUOTED_INCLUDE_IN_FRAMEWORK_HEADER = YES;
				CLANG_WARN_RANGE_LOOP_ANALYSIS = YES;
				CLANG_WARN_STRICT_PROTOTYPES = YES;
				CLANG_WARN_SUSPICIOUS_MOVE = YES;
				CLANG_WARN_UNGUARDED_AVAILABILITY = YES_AGGRESSIVE;
				CLANG_WARN_UNREACHABLE_CODE = YES;
				CLANG_WARN__DUPLICATE_METHOD_MATCH = YES;
				COPY_PHASE_STRIP = NO;
				DEBUG_INFORMATION_FORMAT = "dwarf-with-dsym";
				ENABLE_NS_ASSERTIONS = NO;
				ENABLE_STRICT_OBJC_MSGSEND = YES;
				GCC_C_LANGUAGE_STANDARD = gnu11;
				GCC_NO_COMMON_BLOCKS = YES;
				GCC_WARN_64_TO_32_BIT_CONVERSION = YES;
				GCC_WARN_ABOUT_RETURN_TYPE = YES_ERROR;
				GCC_WARN_UNDECLARED_SELECTOR = YES;
				GCC_WARN_UNINITIALIZED_AUTOS = YES_AGGRESSIVE;
				GCC_WARN_UNUSED_FUNCTION = YES;
				GCC_WARN_UNUSED_VARIABLE = YES;
				IPHONEOS_DEPLOYMENT_TARGET = 14.0;
				MTL_ENABLE_DEBUG_INFO = NO;
				MTL_FAST_MATH = YES;
				SDKROOT = iphoneos;
				SWIFT_COMPILATION_MODE = wholemodule;
				SWIFT_OPTIMIZATION_LEVEL = "-O";
				VALIDATE_PRODUCT = YES;
			};
			name = Release;
		};
		28B017C3254568AB002AEEAD /* Debug */ = {
			isa = XCBuildConfiguration;
			buildSettings = {
				ASSETCATALOG_COMPILER_APPICON_NAME = AppIcon;
				ASSETCATALOG_COMPILER_GLOBAL_ACCENT_COLOR_NAME = AccentColor;
				CODE_SIGN_STYLE = Automatic;
				DEVELOPMENT_ASSET_PATHS = "\"UserFinder/Preview Content\"";
				ENABLE_PREVIEWS = YES;
				INFOPLIST_FILE = UserFinder/Info.plist;
				IPHONEOS_DEPLOYMENT_TARGET = 14.0;
				LD_RUNPATH_SEARCH_PATHS = (
					"$(inherited)",
					"@executable_path/Frameworks",
				);
				PRODUCT_BUNDLE_IDENTIFIER = codes.amitdev.UserFinder;
				PRODUCT_NAME = "$(TARGET_NAME)";
				SWIFT_VERSION = 5.0;
				TARGETED_DEVICE_FAMILY = "1,2";
			};
			name = Debug;
		};
		28B017C4254568AB002AEEAD /* Release */ = {
			isa = XCBuildConfiguration;
			buildSettings = {
				ASSETCATALOG_COMPILER_APPICON_NAME = AppIcon;
				ASSETCATALOG_COMPILER_GLOBAL_ACCENT_COLOR_NAME = AccentColor;
				CODE_SIGN_STYLE = Automatic;
				DEVELOPMENT_ASSET_PATHS = "\"UserFinder/Preview Content\"";
				ENABLE_PREVIEWS = YES;
				INFOPLIST_FILE = UserFinder/Info.plist;
				IPHONEOS_DEPLOYMENT_TARGET = 14.0;
				LD_RUNPATH_SEARCH_PATHS = (
					"$(inherited)",
					"@executable_path/Frameworks",
				);
				PRODUCT_BUNDLE_IDENTIFIER = codes.amitdev.UserFinder;
				PRODUCT_NAME = "$(TARGET_NAME)";
				SWIFT_VERSION = 5.0;
				TARGETED_DEVICE_FAMILY = "1,2";
			};
			name = Release;
		};
/* End XCBuildConfiguration section */

/* Begin XCConfigurationList section */
		28B017AE254568A8002AEEAD /* Build configuration list for PBXProject "UserFinder" */ = {
			isa = XCConfigurationList;
			buildConfigurations = (
				28B017C0254568AB002AEEAD /* Debug */,
				28B017C1254568AB002AEEAD /* Release */,
			);
			defaultConfigurationIsVisible = 0;
			defaultConfigurationName = Release;
		};
		28B017C2254568AB002AEEAD /* Build configuration list for PBXNativeTarget "UserFinder" */ = {
			isa = XCConfigurationList;
			buildConfigurations = (
				28B017C3254568AB002AEEAD /* Debug */,
				28B017C4254568AB002AEEAD /* Release */,
			);
			defaultConfigurationIsVisible = 0;
			defaultConfigurationName = Release;
		};
/* End XCConfigurationList section */
	};
	rootObject = 28B017AB254568A8002AEEAD /* Project object */;
}
